
Microsoft Visual Studio Solution File, Format Version 12.00
# Visual Studio Version 17
VisualStudioVersion = 17.3.32825.248
MinimumVisualStudioVersion = 10.0.40219.1
Project("{FAE04EC0-301F-11D3-BF4B-00C04F79EFBC}") = "HungryCat", "Cat\HungryCat.csproj", "{A7B23208-BDC6-4A59-A7E6-B74218C43F00}"
EndProject
Global
	GlobalSection(SolutionConfigurationPlatforms) = preSolution
		Debug|Any CPU = Debug|Any CPU
		Release|Any CPU = Release|Any CPU
	EndGlobalSection
	GlobalSection(ProjectConfigurationPlatforms) = postSolution
		{A7B23208-BDC6-4A59-A7E6-B74218C43F00}.Debug|Any CPU.ActiveCfg = Debug|Any CPU
		{A7B23208-BDC6-4A59-A7E6-B74218C43F00}.Debug|Any CPU.Build.0 = Debug|Any CPU
		{A7B23208-BDC6-4A59-A7E6-B74218C43F00}.Release|Any CPU.ActiveCfg = Release|Any CPU
		{A7B23208-BDC6-4A59-A7E6-B74218C43F00}.Release|Any CPU.Build.0 = Release|Any CPU
	EndGlobalSection
	GlobalSection(SolutionProperties) = preSolution
		HideSolutionNode = FALSE
	EndGlobalSection
	GlobalSection(ExtensibilityGlobals) = postSolution
		SolutionGuid = {D398AB3E-8EAE-4427-BB83-ED41E8F63667}
	EndGlobalSection
EndGlobal
